
Microsoft Visual Studio Solution File, Format Version 12.00
# Visual Studio Version 16
VisualStudioVersion = 16.0.31702.278
MinimumVisualStudioVersion = 10.0.40219.1
Project("{FAE04EC0-301F-11D3-BF4B-00C04F79EFBC}") = "BCS_Exam", "BCS_Exam\BCS_Exam.csproj", "{224B170E-6E70-4F42-A716-63A3CBAC0C7B}"
EndProject
Global
	GlobalSection(SolutionConfigurationPlatforms) = preSolution
		Debug|Any CPU = Debug|Any CPU
		Release|Any CPU = Release|Any CPU
	EndGlobalSection
	GlobalSection(ProjectConfigurationPlatforms) = postSolution
		{224B170E-6E70-4F42-A716-63A3CBAC0C7B}.Debug|Any CPU.ActiveCfg = Debug|Any CPU
		{224B170E-6E70-4F42-A716-63A3CBAC0C7B}.Debug|Any CPU.Build.0 = Debug|Any CPU
		{224B170E-6E70-4F42-A716-63A3CBAC0C7B}.Release|Any CPU.ActiveCfg = Release|Any CPU
		{224B170E-6E70-4F42-A716-63A3CBAC0C7B}.Release|Any CPU.Build.0 = Release|Any CPU
	EndGlobalSection
	GlobalSection(SolutionProperties) = preSolution
		HideSolutionNode = FALSE
	EndGlobalSection
	GlobalSection(ExtensibilityGlobals) = postSolution
		SolutionGuid = {BBEE0BC6-E2FB-43D4-88C3-DEBDBB94DA44}
	EndGlobalSection
EndGlobal
